{
  "version": 4,
  "terraform_version": "1.3.9",
  "serial": 21,
  "lineage": "6b544b18-4023-c0db-7949-048022fec98f",
  "outputs": {
    "function_app_default_hostname": {
      "value": "",
      "type": "string"
    },
    "function_app_name": {
      "value": "test-dev-function-app",
      "type": "string"
    }
  },
  "resources": [
    {
      "mode": "managed",
      "type": "azurerm_application_insights",
      "name": "application_insights",
      "provider": "provider[\"registry.terraform.io/hashicorp/azurerm\"]",
      "instances": [
        {
          "schema_version": 1,
          "attributes": {
            "app_id": "539c7061-ad07-4372-8058-770884f8693c",
            "application_type": "Node.JS",
            "connection_string": "InstrumentationKey=6d9bee9f-ef59-4bba-84b2-6033ad9711f5;IngestionEndpoint=https://northeurope-0.in.applicationinsights.azure.com/;LiveEndpoint=https://northeurope.livediagnostics.monitor.azure.com/",
            "daily_data_cap_in_gb": 100,
            "daily_data_cap_notifications_disabled": false,
            "disable_ip_masking": false,
            "force_customer_storage_for_profiler": false,
            "id": "/subscriptions/ff3fd8a8-04ee-41dd-8b5f-ac85fd217054/resourceGroups/test-dev-resource-group/providers/Microsoft.Insights/components/test-dev-application-insights",
            "instrumentation_key": "6d9bee9f-ef59-4bba-84b2-6033ad9711f5",
            "internet_ingestion_enabled": true,
            "internet_query_enabled": true,
            "local_authentication_disabled": false,
            "location": "northeurope",
            "name": "test-dev-application-insights",
            "resource_group_name": "test-dev-resource-group",
            "retention_in_days": 90,
            "sampling_percentage": 100,
            "tags": null,
            "timeouts": null,
            "workspace_id": null
          },
          "sensitive_attributes": [],
          "private": "eyJlMmJmYjczMC1lY2FhLTExZTYtOGY4OC0zNDM2M2JjN2M0YzAiOnsiY3JlYXRlIjozNjAwMDAwMDAwMDAwLCJkZWxldGUiOjE4MDAwMDAwMDAwMDAsInJlYWQiOjMwMDAwMDAwMDAwMCwidXBkYXRlIjoxODAwMDAwMDAwMDAwfSwic2NoZW1hX3ZlcnNpb24iOiIxIn0=",
          "dependencies": [
            "azurerm_resource_group.rg"
          ]
        }
      ]
    },
    {
      "mode": "managed",
      "type": "azurerm_linux_function_app",
      "name": "function_app",
      "provider": "provider[\"registry.terraform.io/hashicorp/azurerm\"]",
      "instances": [
        {
          "schema_version": 0,
          "attributes": {
            "app_settings": null,
            "auth_settings": [
              {
                "active_directory": [],
                "additional_login_parameters": {},
                "allowed_external_redirect_urls": [],
                "default_provider": "",
                "enabled": false,
                "facebook": [],
                "github": [],
                "google": [],
                "issuer": "",
                "microsoft": [],
                "runtime_version": "",
                "token_refresh_extension_hours": 0,
                "token_store_enabled": false,
                "twitter": [],
                "unauthenticated_client_action": ""
              }
            ],
            "backup": [],
            "builtin_logging_enabled": true,
            "client_certificate_enabled": false,
            "client_certificate_mode": "Optional",
            "connection_string": [],
            "content_share_force_disabled": false,
            "custom_domain_verification_id": "",
            "daily_memory_time_quota": 0,
            "default_hostname": "",
            "enabled": true,
            "functions_extension_version": "~4",
            "https_only": false,
            "id": "/subscriptions/ff3fd8a8-04ee-41dd-8b5f-ac85fd217054/resourceGroups/test-dev-resource-group/providers/Microsoft.Web/sites/test-dev-function-app",
            "identity": [],
            "key_vault_reference_identity_id": "SystemAssigned",
            "kind": "functionapp,linux",
            "location": "northeurope",
            "name": "test-dev-function-app",
            "outbound_ip_address_list": [],
            "outbound_ip_addresses": "",
            "possible_outbound_ip_address_list": [],
            "possible_outbound_ip_addresses": "",
            "resource_group_name": "test-dev-resource-group",
            "service_plan_id": "/subscriptions/ff3fd8a8-04ee-41dd-8b5f-ac85fd217054/resourceGroups/test-dev-resource-group/providers/Microsoft.Web/serverfarms/test-dev-app-service-plan",
            "site_config": [
              {
                "always_on": false,
                "api_definition_url": "",
                "api_management_api_id": "",
                "app_command_line": "",
                "app_scale_limit": 0,
                "app_service_logs": [],
                "application_insights_connection_string": "",
                "application_insights_key": "",
                "application_stack": [],
                "container_registry_managed_identity_client_id": "",
                "container_registry_use_managed_identity": false,
                "cors": [],
                "default_documents": [
                  "Default.htm",
                  "Default.html",
                  "Default.asp",
                  "index.htm",
                  "index.html",
                  "iisstart.htm",
                  "default.aspx",
                  "index.php"
                ],
                "detailed_error_logging_enabled": false,
                "elastic_instance_minimum": 0,
                "ftps_state": "Disabled",
                "health_check_eviction_time_in_min": 0,
                "health_check_path": "",
                "http2_enabled": false,
                "ip_restriction": [],
                "linux_fx_version": "",
                "load_balancing_mode": "LeastRequests",
                "managed_pipeline_mode": "Integrated",
                "minimum_tls_version": "1.2",
                "pre_warmed_instance_count": 0,
                "remote_debugging_enabled": false,
                "remote_debugging_version": "",
                "runtime_scale_monitoring_enabled": false,
                "scm_ip_restriction": [],
                "scm_minimum_tls_version": "1.2",
                "scm_type": "None",
                "scm_use_main_ip_restriction": false,
                "use_32_bit_worker": false,
                "vnet_route_all_enabled": false,
                "websockets_enabled": false,
                "worker_count": 1
              }
            ],
            "site_credential": [
              {
                "name": "$test-dev-function-app",
                "password": "36v8qi0wlkR1b0N92bmmcfPfgXpKfy8Ani6mTyMZK17XE3hw0rkYH3sl3iig"
              }
            ],
            "storage_account_access_key": "EvhYLOdRSPBG+pGOuVQXoXv9RUqvm2Nvs4QZ6mq/zHmw4nAfNUFXUcOPXCnhuW1px6BDoARLRSI3+AStVYY6lA==",
            "storage_account_name": "asdjkendeeenad",
            "storage_key_vault_secret_id": "",
            "storage_uses_managed_identity": false,
            "tags": null,
            "timeouts": null
          },
          "sensitive_attributes": [
            [
              {
                "type": "get_attr",
                "value": "storage_account_access_key"
              }
            ]
          ],
          "private": "eyJlMmJmYjczMC1lY2FhLTExZTYtOGY4OC0zNDM2M2JjN2M0YzAiOnsiY3JlYXRlIjoxODAwMDAwMDAwMDAwLCJkZWxldGUiOjE4MDAwMDAwMDAwMDAsInJlYWQiOjMwMDAwMDAwMDAwMCwidXBkYXRlIjoxODAwMDAwMDAwMDAwfX0=",
          "dependencies": [
            "azurerm_resource_group.rg",
            "azurerm_service_plan.app_service_plan",
            "azurerm_storage_account.storage_account"
          ]
        }
      ]
    },
    {
      "mode": "managed",
      "type": "azurerm_resource_group",
      "name": "rg",
      "provider": "provider[\"registry.terraform.io/hashicorp/azurerm\"]",
      "instances": [
        {
          "schema_version": 0,
          "attributes": {
            "id": "/subscriptions/ff3fd8a8-04ee-41dd-8b5f-ac85fd217054/resourceGroups/test-dev-resource-group",
            "location": "northeurope",
            "name": "test-dev-resource-group",
            "tags": {},
            "timeouts": null
          },
          "sensitive_attributes": [],
          "private": "eyJlMmJmYjczMC1lY2FhLTExZTYtOGY4OC0zNDM2M2JjN2M0YzAiOnsiY3JlYXRlIjo1NDAwMDAwMDAwMDAwLCJkZWxldGUiOjU0MDAwMDAwMDAwMDAsInJlYWQiOjMwMDAwMDAwMDAwMCwidXBkYXRlIjo1NDAwMDAwMDAwMDAwfX0="
        }
      ]
    },
    {
      "mode": "managed",
      "type": "azurerm_service_plan",
      "name": "app_service_plan",
      "provider": "provider[\"registry.terraform.io/hashicorp/azurerm\"]",
      "instances": [
        {
          "schema_version": 0,
          "attributes": {
            "app_service_environment_id": "",
            "id": "/subscriptions/ff3fd8a8-04ee-41dd-8b5f-ac85fd217054/resourceGroups/test-dev-resource-group/providers/Microsoft.Web/serverfarms/test-dev-app-service-plan",
            "kind": "linux",
            "location": "northeurope",
            "maximum_elastic_worker_count": 1,
            "name": "test-dev-app-service-plan",
            "os_type": "Linux",
            "per_site_scaling_enabled": false,
            "reserved": true,
            "resource_group_name": "test-dev-resource-group",
            "sku_name": "B1",
            "tags": null,
            "timeouts": null,
            "worker_count": 1
          },
          "sensitive_attributes": [],
          "private": "eyJlMmJmYjczMC1lY2FhLTExZTYtOGY4OC0zNDM2M2JjN2M0YzAiOnsiY3JlYXRlIjozNjAwMDAwMDAwMDAwLCJkZWxldGUiOjM2MDAwMDAwMDAwMDAsInJlYWQiOjMwMDAwMDAwMDAwMCwidXBkYXRlIjozNjAwMDAwMDAwMDAwfX0=",
          "dependencies": [
            "azurerm_resource_group.rg"
          ]
        }
      ]
    },
    {
      "mode": "managed",
      "type": "azurerm_storage_account",
      "name": "storage_account",
      "provider": "provider[\"registry.terraform.io/hashicorp/azurerm\"]",
      "instances": [
        {
          "schema_version": 3,
          "attributes": {
            "access_tier": "Hot",
            "account_kind": "StorageV2",
            "account_replication_type": "LRS",
            "account_tier": "Standard",
            "allow_nested_items_to_be_public": true,
            "azure_files_authentication": [],
            "blob_properties": [
              {
                "change_feed_enabled": false,
                "container_delete_retention_policy": [],
                "cors_rule": [],
                "default_service_version": "",
                "delete_retention_policy": [],
                "last_access_time_enabled": false,
                "versioning_enabled": false
              }
            ],
            "custom_domain": [],
            "customer_managed_key": [],
            "edge_zone": "",
            "enable_https_traffic_only": true,
            "id": "/subscriptions/ff3fd8a8-04ee-41dd-8b5f-ac85fd217054/resourceGroups/test-dev-resource-group/providers/Microsoft.Storage/storageAccounts/asdjkendeeenad",
            "identity": [],
            "infrastructure_encryption_enabled": false,
            "is_hns_enabled": false,
            "large_file_share_enabled": null,
            "location": "northeurope",
            "min_tls_version": "TLS1_2",
            "name": "asdjkendeeenad",
            "network_rules": [
              {
                "bypass": [
                  "AzureServices"
                ],
                "default_action": "Allow",
                "ip_rules": [],
                "private_link_access": [],
                "virtual_network_subnet_ids": []
              }
            ],
            "nfsv3_enabled": false,
            "primary_access_key": "EvhYLOdRSPBG+pGOuVQXoXv9RUqvm2Nvs4QZ6mq/zHmw4nAfNUFXUcOPXCnhuW1px6BDoARLRSI3+AStVYY6lA==",
            "primary_blob_connection_string": "DefaultEndpointsProtocol=https;BlobEndpoint=https://asdjkendeeenad.blob.core.windows.net/;AccountName=asdjkendeeenad;AccountKey=EvhYLOdRSPBG+pGOuVQXoXv9RUqvm2Nvs4QZ6mq/zHmw4nAfNUFXUcOPXCnhuW1px6BDoARLRSI3+AStVYY6lA==",
            "primary_blob_endpoint": "https://asdjkendeeenad.blob.core.windows.net/",
            "primary_blob_host": "asdjkendeeenad.blob.core.windows.net",
            "primary_connection_string": "DefaultEndpointsProtocol=https;AccountName=asdjkendeeenad;AccountKey=EvhYLOdRSPBG+pGOuVQXoXv9RUqvm2Nvs4QZ6mq/zHmw4nAfNUFXUcOPXCnhuW1px6BDoARLRSI3+AStVYY6lA==;EndpointSuffix=core.windows.net",
            "primary_dfs_endpoint": "https://asdjkendeeenad.dfs.core.windows.net/",
            "primary_dfs_host": "asdjkendeeenad.dfs.core.windows.net",
            "primary_file_endpoint": "https://asdjkendeeenad.file.core.windows.net/",
            "primary_file_host": "asdjkendeeenad.file.core.windows.net",
            "primary_location": "northeurope",
            "primary_queue_endpoint": "https://asdjkendeeenad.queue.core.windows.net/",
            "primary_queue_host": "asdjkendeeenad.queue.core.windows.net",
            "primary_table_endpoint": "https://asdjkendeeenad.table.core.windows.net/",
            "primary_table_host": "asdjkendeeenad.table.core.windows.net",
            "primary_web_endpoint": "https://asdjkendeeenad.z16.web.core.windows.net/",
            "primary_web_host": "asdjkendeeenad.z16.web.core.windows.net",
            "queue_encryption_key_type": "Service",
            "queue_properties": [
              {
                "cors_rule": [],
                "hour_metrics": [
                  {
                    "enabled": true,
                    "include_apis": true,
                    "retention_policy_days": 7,
                    "version": "1.0"
                  }
                ],
                "logging": [
                  {
                    "delete": false,
                    "read": false,
                    "retention_policy_days": 0,
                    "version": "1.0",
                    "write": false
                  }
                ],
                "minute_metrics": [
                  {
                    "enabled": false,
                    "include_apis": false,
                    "retention_policy_days": 0,
                    "version": "1.0"
                  }
                ]
              }
            ],
            "resource_group_name": "test-dev-resource-group",
            "routing": [],
            "secondary_access_key": "fSjqz6c0qlJ32RNRI0Q/cRKg4oh4CEHwrhZCshty0e1Y0ED2L9s0vNrWIohC2iL6MuzrG/MfTf/O+ASti7j29Q==",
            "secondary_blob_connection_string": "",
            "secondary_blob_endpoint": null,
            "secondary_blob_host": null,
            "secondary_connection_string": "DefaultEndpointsProtocol=https;AccountName=asdjkendeeenad;AccountKey=fSjqz6c0qlJ32RNRI0Q/cRKg4oh4CEHwrhZCshty0e1Y0ED2L9s0vNrWIohC2iL6MuzrG/MfTf/O+ASti7j29Q==;EndpointSuffix=core.windows.net",
            "secondary_dfs_endpoint": null,
            "secondary_dfs_host": null,
            "secondary_file_endpoint": null,
            "secondary_file_host": null,
            "secondary_location": "",
            "secondary_queue_endpoint": null,
            "secondary_queue_host": null,
            "secondary_table_endpoint": null,
            "secondary_table_host": null,
            "secondary_web_endpoint": null,
            "secondary_web_host": null,
            "share_properties": [
              {
                "cors_rule": [],
                "retention_policy": [
                  {
                    "days": 7
                  }
                ],
                "smb": []
              }
            ],
            "shared_access_key_enabled": true,
            "static_website": [],
            "table_encryption_key_type": "Service",
            "tags": null,
            "timeouts": null
          },
          "sensitive_attributes": [],
          "private": "eyJlMmJmYjczMC1lY2FhLTExZTYtOGY4OC0zNDM2M2JjN2M0YzAiOnsiY3JlYXRlIjozNjAwMDAwMDAwMDAwLCJkZWxldGUiOjM2MDAwMDAwMDAwMDAsInJlYWQiOjMwMDAwMDAwMDAwMCwidXBkYXRlIjozNjAwMDAwMDAwMDAwfSwic2NoZW1hX3ZlcnNpb24iOiIzIn0=",
          "dependencies": [
            "azurerm_resource_group.rg"
          ]
        }
      ]
    }
  ],
  "check_results": null
}
